
Microsoft Visual Studio Solution File, Format Version 12.00
# Visual Studio Version 17
VisualStudioVersion = 17.6.33829.357
MinimumVisualStudioVersion = 10.0.40219.1
Project("{9A19103F-16F7-4668-BE54-9A1E7A4F7556}") = "Seq.App.Bug.Reporter.AzureDevOps", "src\Seq.App.Bug.Reporter.AzureDevOps\Seq.App.Bug.Reporter.AzureDevOps.csproj", "{9258291E-9D53-4367-B3D7-07CE755ABDCA}"
EndProject
Global
	GlobalSection(SolutionConfigurationPlatforms) = preSolution
		Debug|Any CPU = Debug|Any CPU
		Release|Any CPU = Release|Any CPU
	EndGlobalSection
	GlobalSection(ProjectConfigurationPlatforms) = postSolution
		{9258291E-9D53-4367-B3D7-07CE755ABDCA}.Debug|Any CPU.ActiveCfg = Debug|Any CPU
		{9258291E-9D53-4367-B3D7-07CE755ABDCA}.Debug|Any CPU.Build.0 = Debug|Any CPU
		{9258291E-9D53-4367-B3D7-07CE755ABDCA}.Release|Any CPU.ActiveCfg = Release|Any CPU
		{9258291E-9D53-4367-B3D7-07CE755ABDCA}.Release|Any CPU.Build.0 = Release|Any CPU
	EndGlobalSection
	GlobalSection(SolutionProperties) = preSolution
		HideSolutionNode = FALSE
	EndGlobalSection
	GlobalSection(ExtensibilityGlobals) = postSolution
		SolutionGuid = {EF6F08C0-EC9B-4953-9E16-BB1454438A2C}
	EndGlobalSection
EndGlobal
