
Microsoft Visual Studio Solution File, Format Version 12.00
# Visual Studio Version 17
VisualStudioVersion = 17.6.33829.357
MinimumVisualStudioVersion = 10.0.40219.1
Project("{FAE04EC0-301F-11D3-BF4B-00C04F79EFBC}") = "Seq.App.BugReporter.AzureDevOps", "Seq.App.BugReporter.AzureDevOps.csproj", "{9258291E-9D53-4367-B3D7-07CE755ABDCA}"
EndProject
Project("{2150E333-8FDC-42A3-9474-1A3956D46DE8}") = "Solution Items", "Solution Items", "{E7B0D007-5AB5-4BB4-88B0-55545106FA27}"
	ProjectSection(SolutionItems) = preProject
		..\.gitignore = ..\.gitignore
		..\build\GetBuildVersion.psm1 = ..\build\GetBuildVersion.psm1
		..\LICENSE = ..\LICENSE
		..\README.md = ..\README.md
	EndProjectSection
EndProject
Global
	GlobalSection(SolutionConfigurationPlatforms) = preSolution
		Debug|Any CPU = Debug|Any CPU
		Release|Any CPU = Release|Any CPU
	EndGlobalSection
	GlobalSection(ProjectConfigurationPlatforms) = postSolution
		{9258291E-9D53-4367-B3D7-07CE755ABDCA}.Debug|Any CPU.ActiveCfg = Debug|Any CPU
		{9258291E-9D53-4367-B3D7-07CE755ABDCA}.Debug|Any CPU.Build.0 = Debug|Any CPU
		{9258291E-9D53-4367-B3D7-07CE755ABDCA}.Release|Any CPU.ActiveCfg = Release|Any CPU
		{9258291E-9D53-4367-B3D7-07CE755ABDCA}.Release|Any CPU.Build.0 = Release|Any CPU
	EndGlobalSection
	GlobalSection(SolutionProperties) = preSolution
		HideSolutionNode = FALSE
	EndGlobalSection
	GlobalSection(ExtensibilityGlobals) = postSolution
		SolutionGuid = {EF6F08C0-EC9B-4953-9E16-BB1454438A2C}
	EndGlobalSection
EndGlobal
